// !$*UTF8*$!
{
	archiveVersion = 1;
	classes = {
	};
	objectVersion = 46;
	objects = {

/* Begin PBXBuildFile section */
		503C85A21CA39D7D00D7584E /* AppDelegate.swift in Sources */ = {isa = PBXBuildFile; fileRef = 503C85A11CA39D7D00D7584E /* AppDelegate.swift */; };
		503C85A41CA39D7D00D7584E /* ViewController.swift in Sources */ = {isa = PBXBuildFile; fileRef = 503C85A31CA39D7D00D7584E /* ViewController.swift */; };
		503C85A71CA39D7D00D7584E /* Main.storyboard in Resources */ = {isa = PBXBuildFile; fileRef = 503C85A51CA39D7D00D7584E /* Main.storyboard */; };
		503C85A91CA39D7D00D7584E /* Images.xcassets in Resources */ = {isa = PBXBuildFile; fileRef = 503C85A81CA39D7D00D7584E /* Images.xcassets */; };
		503C85AC1CA39D7D00D7584E /* LaunchScreen.xib in Resources */ = {isa = PBXBuildFile; fileRef = 503C85AA1CA39D7D00D7584E /* LaunchScreen.xib */; };
		503C85B81CA39D7D00D7584E /* MapKitUserFloorTests.swift in Sources */ = {isa = PBXBuildFile; fileRef = 503C85B71CA39D7D00D7584E /* MapKitUserFloorTests.swift */; };
/* End PBXBuildFile section */

/* Begin PBXContainerItemProxy section */
		503C85B21CA39D7D00D7584E /* PBXContainerItemProxy */ = {
			isa = PBXContainerItemProxy;
			containerPortal = 503C85941CA39D7D00D7584E /* Project object */;
			proxyType = 1;
			remoteGlobalIDString = 503C859B1CA39D7D00D7584E;
			remoteInfo = MapKitUserFloor;
		};
/* End PBXContainerItemProxy section */

/* Begin PBXFileReference section */
		503C859C1CA39D7D00D7584E /* MapKitUserFloor.app */ = {isa = PBXFileReference; explicitFileType = wrapper.application; includeInIndex = 0; path = MapKitUserFloor.app; sourceTree = BUILT_PRODUCTS_DIR; };
		503C85A01CA39D7D00D7584E /* Info.plist */ = {isa = PBXFileReference; lastKnownFileType = text.plist.xml; path = Info.plist; sourceTree = "<group>"; };
		503C85A11CA39D7D00D7584E /* AppDelegate.swift */ = {isa = PBXFileReference; lastKnownFileType = sourcecode.swift; path = AppDelegate.swift; sourceTree = "<group>"; };
		503C85A31CA39D7D00D7584E /* ViewController.swift */ = {isa = PBXFileReference; lastKnownFileType = sourcecode.swift; path = ViewController.swift; sourceTree = "<group>"; };
		503C85A61CA39D7D00D7584E /* Base */ = {isa = PBXFileReference; lastKnownFileType = file.storyboard; name = Base; path = Base.lproj/Main.storyboard; sourceTree = "<group>"; };
		503C85A81CA39D7D00D7584E /* Images.xcassets */ = {isa = PBXFileReference; lastKnownFileType = folder.assetcatalog; path = Images.xcassets; sourceTree = "<group>"; };
		503C85AB1CA39D7D00D7584E /* Base */ = {isa = PBXFileReference; lastKnownFileType = file.xib; name = Base; path = Base.lproj/LaunchScreen.xib; sourceTree = "<group>"; };
		503C85B11CA39D7D00D7584E /* MapKitUserFloorTests.xctest */ = {isa = PBXFileReference; explicitFileType = wrapper.cfbundle; includeInIndex = 0; path = MapKitUserFloorTests.xctest; sourceTree = BUILT_PRODUCTS_DIR; };
		503C85B61CA39D7D00D7584E /* Info.plist */ = {isa = PBXFileReference; lastKnownFileType = text.plist.xml; path = Info.plist; sourceTree = "<group>"; };
		503C85B71CA39D7D00D7584E /* MapKitUserFloorTests.swift */ = {isa = PBXFileReference; lastKnownFileType = sourcecode.swift; path = MapKitUserFloorTests.swift; sourceTree = "<group>"; };
/* End PBXFileReference section */

/* Begin PBXFrameworksBuildPhase section */
		503C85991CA39D7D00D7584E /* Frameworks */ = {
			isa = PBXFrameworksBuildPhase;
			buildActionMask = 2147483647;
			files = (
			);
			runOnlyForDeploymentPostprocessing = 0;
		};
		503C85AE1CA39D7D00D7584E /* Frameworks */ = {
			isa = PBXFrameworksBuildPhase;
			buildActionMask = 2147483647;
			files = (
			);
			runOnlyForDeploymentPostprocessing = 0;
		};
/* End PBXFrameworksBuildPhase section */

/* Begin PBXGroup section */
		503C85931CA39D7D00D7584E = {
			isa = PBXGroup;
			children = (
				503C859E1CA39D7D00D7584E /* MapKitUserFloor */,
				503C85B41CA39D7D00D7584E /* MapKitUserFloorTests */,
				503C859D1CA39D7D00D7584E /* Products */,
			);
			sourceTree = "<group>";
		};
		503C859D1CA39D7D00D7584E /* Products */ = {
			isa = PBXGroup;
			children = (
				503C859C1CA39D7D00D7584E /* MapKitUserFloor.app */,
				503C85B11CA39D7D00D7584E /* MapKitUserFloorTests.xctest */,
			);
			name = Products;
			sourceTree = "<group>";
		};
		503C859E1CA39D7D00D7584E /* MapKitUserFloor */ = {
			isa = PBXGroup;
			children = (
				503C85A11CA39D7D00D7584E /* AppDelegate.swift */,
				503C85A31CA39D7D00D7584E /* ViewController.swift */,
				503C85A51CA39D7D00D7584E /* Main.storyboard */,
				503C85A81CA39D7D00D7584E /* Images.xcassets */,
				503C85AA1CA39D7D00D7584E /* LaunchScreen.xib */,
				503C859F1CA39D7D00D7584E /* Supporting Files */,
			);
			path = MapKitUserFloor;
			sourceTree = "<group>";
		};
		503C859F1CA39D7D00D7584E /* Supporting Files */ = {
			isa = PBXGroup;
			children = (
				503C85A01CA39D7D00D7584E /* Info.plist */,
			);
			name = "Supporting Files";
			sourceTree = "<group>";
		};
		503C85B41CA39D7D00D7584E /* MapKitUserFloorTests */ = {
			isa = PBXGroup;
			children = (
				503C85B71CA39D7D00D7584E /* MapKitUserFloorTests.swift */,
				503C85B51CA39D7D00D7584E /* Supporting Files */,
			);
			path = MapKitUserFloorTests;
			sourceTree = "<group>";
		};
		503C85B51CA39D7D00D7584E /* Supporting Files */ = {
			isa = PBXGroup;
			children = (
				503C85B61CA39D7D00D7584E /* Info.plist */,
			);
			name = "Supporting Files";
			sourceTree = "<group>";
		};
/* End PBXGroup section */

/* Begin PBXNativeTarget section */
		503C859B1CA39D7D00D7584E /* MapKitUserFloor */ = {
			isa = PBXNativeTarget;
			buildConfigurationList = 503C85BB1CA39D7D00D7584E /* Build configuration list for PBXNativeTarget "MapKitUserFloor" */;
			buildPhases = (
				503C85981CA39D7D00D7584E /* Sources */,
				503C85991CA39D7D00D7584E /* Frameworks */,
				503C859A1CA39D7D00D7584E /* Resources */,
			);
			buildRules = (
			);
			dependencies = (
			);
			name = MapKitUserFloor;
			productName = MapKitUserFloor;
			productReference = 503C859C1CA39D7D00D7584E /* MapKitUserFloor.app */;
			productType = "com.apple.product-type.application";
		};
		503C85B01CA39D7D00D7584E /* MapKitUserFloorTests */ = {
			isa = PBXNativeTarget;
			buildConfigurationList = 503C85BE1CA39D7D00D7584E /* Build configuration list for PBXNativeTarget "MapKitUserFloorTests" */;
			buildPhases = (
				503C85AD1CA39D7D00D7584E /* Sources */,
				503C85AE1CA39D7D00D7584E /* Frameworks */,
				503C85AF1CA39D7D00D7584E /* Resources */,
			);
			buildRules = (
			);
			dependencies = (
				503C85B31CA39D7D00D7584E /* PBXTargetDependency */,
			);
			name = MapKitUserFloorTests;
			productName = MapKitUserFloorTests;
			productReference = 503C85B11CA39D7D00D7584E /* MapKitUserFloorTests.xctest */;
			productType = "com.apple.product-type.bundle.unit-test";
		};
/* End PBXNativeTarget section */

/* Begin PBXProject section */
		503C85941CA39D7D00D7584E /* Project object */ = {
			isa = PBXProject;
			attributes = {
				LastUpgradeCheck = 0610;
				ORGANIZATIONNAME = Enclave;
				TargetAttributes = {
					503C859B1CA39D7D00D7584E = {
						CreatedOnToolsVersion = 6.1;
					};
					503C85B01CA39D7D00D7584E = {
						CreatedOnToolsVersion = 6.1;
						TestTargetID = 503C859B1CA39D7D00D7584E;
					};
				};
			};
			buildConfigurationList = 503C85971CA39D7D00D7584E /* Build configuration list for PBXProject "MapKitUserFloor" */;
			compatibilityVersion = "Xcode 3.2";
			developmentRegion = English;
			hasScannedForEncodings = 0;
			knownRegions = (
				en,
				Base,
			);
			mainGroup = 503C85931CA39D7D00D7584E;
			productRefGroup = 503C859D1CA39D7D00D7584E /* Products */;
			projectDirPath = "";
			projectRoot = "";
			targets = (
				503C859B1CA39D7D00D7584E /* MapKitUserFloor */,
				503C85B01CA39D7D00D7584E /* MapKitUserFloorTests */,
			);
		};
/* End PBXProject section */

/* Begin PBXResourcesBuildPhase section */
		503C859A1CA39D7D00D7584E /* Resources */ = {
			isa = PBXResourcesBuildPhase;
			buildActionMask = 2147483647;
			files = (
				503C85A71CA39D7D00D7584E /* Main.storyboard in Resources */,
				503C85AC1CA39D7D00D7584E /* LaunchScreen.xib in Resources */,
				503C85A91CA39D7D00D7584E /* Images.xcassets in Resources */,
			);
			runOnlyForDeploymentPostprocessing = 0;
		};
		503C85AF1CA39D7D00D7584E /* Resources */ = {
			isa = PBXResourcesBuildPhase;
			buildActionMask = 2147483647;
			files = (
			);
			runOnlyForDeploymentPostprocessing = 0;
		};
/* End PBXResourcesBuildPhase section */

/* Begin PBXSourcesBuildPhase section */
		503C85981CA39D7D00D7584E /* Sources */ = {
			isa = PBXSourcesBuildPhase;
			buildActionMask = 2147483647;
			files = (
				503C85A41CA39D7D00D7584E /* ViewController.swift in Sources */,
				503C85A21CA39D7D00D7584E /* AppDelegate.swift in Sources */,
			);
			runOnlyForDeploymentPostprocessing = 0;
		};
		503C85AD1CA39D7D00D7584E /* Sources */ = {
			isa = PBXSourcesBuildPhase;
			buildActionMask = 2147483647;
			files = (
				503C85B81CA39D7D00D7584E /* MapKitUserFloorTests.swift in Sources */,
			);
			runOnlyForDeploymentPostprocessing = 0;
		};
/* End PBXSourcesBuildPhase section */

/* Begin PBXTargetDependency section */
		503C85B31CA39D7D00D7584E /* PBXTargetDependency */ = {
			isa = PBXTargetDependency;
			target = 503C859B1CA39D7D00D7584E /* MapKitUserFloor */;
			targetProxy = 503C85B21CA39D7D00D7584E /* PBXContainerItemProxy */;
		};
/* End PBXTargetDependency section */

/* Begin PBXVariantGroup section */
		503C85A51CA39D7D00D7584E /* Main.storyboard */ = {
			isa = PBXVariantGroup;
			children = (
				503C85A61CA39D7D00D7584E /* Base */,
			);
			name = Main.storyboard;
			sourceTree = "<group>";
		};
		503C85AA1CA39D7D00D7584E /* LaunchScreen.xib */ = {
			isa = PBXVariantGroup;
			children = (
				503C85AB1CA39D7D00D7584E /* Base */,
			);
			name = LaunchScreen.xib;
			sourceTree = "<group>";
		};
/* End PBXVariantGroup section */

/* Begin XCBuildConfiguration section */
		503C85B91CA39D7D00D7584E /* Debug */ = {
			isa = XCBuildConfiguration;
			buildSettings = {
				ALWAYS_SEARCH_USER_PATHS = NO;
				CLANG_CXX_LANGUAGE_STANDARD = "gnu++0x";
				CLANG_CXX_LIBRARY = "libc++";
				CLANG_ENABLE_MODULES = YES;
				CLANG_ENABLE_OBJC_ARC = YES;
				CLANG_WARN_BOOL_CONVERSION = YES;
				CLANG_WARN_CONSTANT_CONVERSION = YES;
				CLANG_WARN_DIRECT_OBJC_ISA_USAGE = YES_ERROR;
				CLANG_WARN_EMPTY_BODY = YES;
				CLANG_WARN_ENUM_CONVERSION = YES;
				CLANG_WARN_INT_CONVERSION = YES;
				CLANG_WARN_OBJC_ROOT_CLASS = YES_ERROR;
				CLANG_WARN_UNREACHABLE_CODE = YES;
				CLANG_WARN__DUPLICATE_METHOD_MATCH = YES;
				"CODE_SIGN_IDENTITY[sdk=iphoneos*]" = "iPhone Developer";
				COPY_PHASE_STRIP = NO;
				ENABLE_STRICT_OBJC_MSGSEND = YES;
				GCC_C_LANGUAGE_STANDARD = gnu99;
				GCC_DYNAMIC_NO_PIC = NO;
				GCC_OPTIMIZATION_LEVEL = 0;
				GCC_PREPROCESSOR_DEFINITIONS = (
					"DEBUG=1",
					"$(inherited)",
				);
				GCC_SYMBOLS_PRIVATE_EXTERN = NO;
				GCC_WARN_64_TO_32_BIT_CONVERSION = YES;
				GCC_WARN_ABOUT_RETURN_TYPE = YES_ERROR;
				GCC_WARN_UNDECLARED_SELECTOR = YES;
				GCC_WARN_UNINITIALIZED_AUTOS = YES_AGGRESSIVE;
				GCC_WARN_UNUSED_FUNCTION = YES;
				GCC_WARN_UNUSED_VARIABLE = YES;
				IPHONEOS_DEPLOYMENT_TARGET = 8.1;
				MTL_ENABLE_DEBUG_INFO = YES;
				ONLY_ACTIVE_ARCH = YES;
				SDKROOT = iphoneos;
				SWIFT_OPTIMIZATION_LEVEL = "-Onone";
			};
			name = Debug;
		};
		503C85BA1CA39D7D00D7584E /* Release */ = {
			isa = XCBuildConfiguration;
			buildSettings = {
				ALWAYS_SEARCH_USER_PATHS = NO;
				CLANG_CXX_LANGUAGE_STANDARD = "gnu++0x";
				CLANG_CXX_LIBRARY = "libc++";
				CLANG_ENABLE_MODULES = YES;
				CLANG_ENABLE_OBJC_ARC = YES;
				CLANG_WARN_BOOL_CONVERSION = YES;
				CLANG_WARN_CONSTANT_CONVERSION = YES;
				CLANG_WARN_DIRECT_OBJC_ISA_USAGE = YES_ERROR;
				CLANG_WARN_EMPTY_BODY = YES;
				CLANG_WARN_ENUM_CONVERSION = YES;
				CLANG_WARN_INT_CONVERSION = YES;
				CLANG_WARN_OBJC_ROOT_CLASS = YES_ERROR;
				CLANG_WARN_UNREACHABLE_CODE = YES;
				CLANG_WARN__DUPLICATE_METHOD_MATCH = YES;
				"CODE_SIGN_IDENTITY[sdk=iphoneos*]" = "iPhone Developer";
				COPY_PHASE_STRIP = YES;
				ENABLE_NS_ASSERTIONS = NO;
				ENABLE_STRICT_OBJC_MSGSEND = YES;
				GCC_C_LANGUAGE_STANDARD = gnu99;
				GCC_WARN_64_TO_32_BIT_CONVERSION = YES;
				GCC_WARN_ABOUT_RETURN_TYPE = YES_ERROR;
				GCC_WARN_UNDECLARED_SELECTOR = YES;
				GCC_WARN_UNINITIALIZED_AUTOS = YES_AGGRESSIVE;
				GCC_WARN_UNUSED_FUNCTION = YES;
				GCC_WARN_UNUSED_VARIABLE = YES;
				IPHONEOS_DEPLOYMENT_TARGET = 8.1;
				MTL_ENABLE_DEBUG_INFO = NO;
				SDKROOT = iphoneos;
				VALIDATE_PRODUCT = YES;
			};
			name = Release;
		};
		503C85BC1CA39D7D00D7584E /* Debug */ = {
			isa = XCBuildConfiguration;
			buildSettings = {
				ASSETCATALOG_COMPILER_APPICON_NAME = AppIcon;
				INFOPLIST_FILE = MapKitUserFloor/Info.plist;
				LD_RUNPATH_SEARCH_PATHS = "$(inherited) @executable_path/Frameworks";
				PRODUCT_NAME = "$(TARGET_NAME)";
			};
			name = Debug;
		};
		503C85BD1CA39D7D00D7584E /* Release */ = {
			isa = XCBuildConfiguration;
			buildSettings = {
				ASSETCATALOG_COMPILER_APPICON_NAME = AppIcon;
				INFOPLIST_FILE = MapKitUserFloor/Info.plist;
				LD_RUNPATH_SEARCH_PATHS = "$(inherited) @executable_path/Frameworks";
				PRODUCT_NAME = "$(TARGET_NAME)";
			};
			name = Release;
		};
		503C85BF1CA39D7D00D7584E /* Debug */ = {
			isa = XCBuildConfiguration;
			buildSettings = {
				BUNDLE_LOADER = "$(TEST_HOST)";
				FRAMEWORK_SEARCH_PATHS = (
					"$(SDKROOT)/Developer/Library/Frameworks",
					"$(inherited)",
				);
				GCC_PREPROCESSOR_DEFINITIONS = (
					"DEBUG=1",
					"$(inherited)",
				);
				INFOPLIST_FILE = MapKitUserFloorTests/Info.plist;
				LD_RUNPATH_SEARCH_PATHS = "$(inherited) @executable_path/Frameworks @loader_path/Frameworks";
				PRODUCT_NAME = "$(TARGET_NAME)";
				TEST_HOST = "$(BUILT_PRODUCTS_DIR)/MapKitUserFloor.app/MapKitUserFloor";
			};
			name = Debug;
		};
		503C85C01CA39D7D00D7584E /* Release */ = {
			isa = XCBuildConfiguration;
			buildSettings = {
				BUNDLE_LOADER = "$(TEST_HOST)";
				FRAMEWORK_SEARCH_PATHS = (
					"$(SDKROOT)/Developer/Library/Frameworks",
					"$(inherited)",
				);
				INFOPLIST_FILE = MapKitUserFloorTests/Info.plist;
				LD_RUNPATH_SEARCH_PATHS = "$(inherited) @executable_path/Frameworks @loader_path/Frameworks";
				PRODUCT_NAME = "$(TARGET_NAME)";
				TEST_HOST = "$(BUILT_PRODUCTS_DIR)/MapKitUserFloor.app/MapKitUserFloor";
			};
			name = Release;
		};
/* End XCBuildConfiguration section */

/* Begin XCConfigurationList section */
		503C85971CA39D7D00D7584E /* Build configuration list for PBXProject "MapKitUserFloor" */ = {
			isa = XCConfigurationList;
			buildConfigurations = (
				503C85B91CA39D7D00D7584E /* Debug */,
				503C85BA1CA39D7D00D7584E /* Release */,
			);
			defaultConfigurationIsVisible = 0;
			defaultConfigurationName = Release;
		};
		503C85BB1CA39D7D00D7584E /* Build configuration list for PBXNativeTarget "MapKitUserFloor" */ = {
			isa = XCConfigurationList;
			buildConfigurations = (
				503C85BC1CA39D7D00D7584E /* Debug */,
				503C85BD1CA39D7D00D7584E /* Release */,
			);
			defaultConfigurationIsVisible = 0;
		};
		503C85BE1CA39D7D00D7584E /* Build configuration list for PBXNativeTarget "MapKitUserFloorTests" */ = {
			isa = XCConfigurationList;
			buildConfigurations = (
				503C85BF1CA39D7D00D7584E /* Debug */,
				503C85C01CA39D7D00D7584E /* Release */,
			);
			defaultConfigurationIsVisible = 0;
		};
/* End XCConfigurationList section */
	};
	rootObject = 503C85941CA39D7D00D7584E /* Project object */;
}
